
Microsoft Visual Studio Solution File, Format Version 12.00
# Visual Studio 15
VisualStudioVersion = 15.0.28307.1972
MinimumVisualStudioVersion = 10.0.40219.1
Project("{FAE04EC0-301F-11D3-BF4B-00C04F79EFBC}") = "doctor", "doctor\doctor.csproj", "{1A121A6C-B2C8-4CEA-BA71-1D875C592361}"
EndProject
Global
	GlobalSection(SolutionConfigurationPlatforms) = preSolution
		Debug|Any CPU = Debug|Any CPU
		Release|Any CPU = Release|Any CPU
	EndGlobalSection
	GlobalSection(ProjectConfigurationPlatforms) = postSolution
		{1A121A6C-B2C8-4CEA-BA71-1D875C592361}.Debug|Any CPU.ActiveCfg = Debug|Any CPU
		{1A121A6C-B2C8-4CEA-BA71-1D875C592361}.Debug|Any CPU.Build.0 = Debug|Any CPU
		{1A121A6C-B2C8-4CEA-BA71-1D875C592361}.Release|Any CPU.ActiveCfg = Release|Any CPU
		{1A121A6C-B2C8-4CEA-BA71-1D875C592361}.Release|Any CPU.Build.0 = Release|Any CPU
	EndGlobalSection
	GlobalSection(SolutionProperties) = preSolution
		HideSolutionNode = FALSE
	EndGlobalSection
	GlobalSection(ExtensibilityGlobals) = postSolution
		SolutionGuid = {75F72518-EF9D-46AE-897A-9906E6E259BA}
	EndGlobalSection
EndGlobal
